// !$*UTF8*$!
{
	archiveVersion = 1;
	classes = {
	};
	objectVersion = 46;
	objects = {

/* Begin PBXBuildFile section */
		7EAA777E1E652AE100CB6CFA /* main.m in Sources */ = {isa = PBXBuildFile; fileRef = 7EAA777D1E652AE100CB6CFA /* main.m */; };
		7EAA77811E652AE100CB6CFA /* AppDelegate.m in Sources */ = {isa = PBXBuildFile; fileRef = 7EAA77801E652AE100CB6CFA /* AppDelegate.m */; };
		7EAA77841E652AE100CB6CFA /* ViewController.m in Sources */ = {isa = PBXBuildFile; fileRef = 7EAA77831E652AE100CB6CFA /* ViewController.m */; };
		7EAA77871E652AE100CB6CFA /* Main.storyboard in Resources */ = {isa = PBXBuildFile; fileRef = 7EAA77851E652AE100CB6CFA /* Main.storyboard */; };
		7EAA77891E652AE100CB6CFA /* Assets.xcassets in Resources */ = {isa = PBXBuildFile; fileRef = 7EAA77881E652AE100CB6CFA /* Assets.xcassets */; };
		7EAA778C1E652AE100CB6CFA /* LaunchScreen.storyboard in Resources */ = {isa = PBXBuildFile; fileRef = 7EAA778A1E652AE100CB6CFA /* LaunchScreen.storyboard */; };
		7EAA77971E652AE100CB6CFA /* runtime____Tests.m in Sources */ = {isa = PBXBuildFile; fileRef = 7EAA77961E652AE100CB6CFA /* runtime____Tests.m */; };
		7EAA77A21E652AE100CB6CFA /* runtime____UITests.m in Sources */ = {isa = PBXBuildFile; fileRef = 7EAA77A11E652AE100CB6CFA /* runtime____UITests.m */; };
		7EAA77B11E652C7A00CB6CFA /* person.m in Sources */ = {isa = PBXBuildFile; fileRef = 7EAA77B01E652C7A00CB6CFA /* person.m */; };
/* End PBXBuildFile section */

/* Begin PBXContainerItemProxy section */
		7EAA77931E652AE100CB6CFA /* PBXContainerItemProxy */ = {
			isa = PBXContainerItemProxy;
			containerPortal = 7EAA77711E652AE100CB6CFA /* Project object */;
			proxyType = 1;
			remoteGlobalIDString = 7EAA77781E652AE100CB6CFA;
			remoteInfo = "runtime消息机制";
		};
		7EAA779E1E652AE100CB6CFA /* PBXContainerItemProxy */ = {
			isa = PBXContainerItemProxy;
			containerPortal = 7EAA77711E652AE100CB6CFA /* Project object */;
			proxyType = 1;
			remoteGlobalIDString = 7EAA77781E652AE100CB6CFA;
			remoteInfo = "runtime消息机制";
		};
/* End PBXContainerItemProxy section */

/* Begin PBXFileReference section */
		7EAA77791E652AE100CB6CFA /* runtime消息机制.app */ = {isa = PBXFileReference; explicitFileType = wrapper.application; includeInIndex = 0; path = "runtime消息机制.app"; sourceTree = BUILT_PRODUCTS_DIR; };
		7EAA777D1E652AE100CB6CFA /* main.m */ = {isa = PBXFileReference; lastKnownFileType = sourcecode.c.objc; path = main.m; sourceTree = "<group>"; };
		7EAA777F1E652AE100CB6CFA /* AppDelegate.h */ = {isa = PBXFileReference; lastKnownFileType = sourcecode.c.h; path = AppDelegate.h; sourceTree = "<group>"; };
		7EAA77801E652AE100CB6CFA /* AppDelegate.m */ = {isa = PBXFileReference; lastKnownFileType = sourcecode.c.objc; path = AppDelegate.m; sourceTree = "<group>"; };
		7EAA77821E652AE100CB6CFA /* ViewController.h */ = {isa = PBXFileReference; lastKnownFileType = sourcecode.c.h; path = ViewController.h; sourceTree = "<group>"; };
		7EAA77831E652AE100CB6CFA /* ViewController.m */ = {isa = PBXFileReference; lastKnownFileType = sourcecode.c.objc; path = ViewController.m; sourceTree = "<group>"; };
		7EAA77861E652AE100CB6CFA /* Base */ = {isa = PBXFileReference; lastKnownFileType = file.storyboard; name = Base; path = Base.lproj/Main.storyboard; sourceTree = "<group>"; };
		7EAA77881E652AE100CB6CFA /* Assets.xcassets */ = {isa = PBXFileReference; lastKnownFileType = folder.assetcatalog; path = Assets.xcassets; sourceTree = "<group>"; };
		7EAA778B1E652AE100CB6CFA /* Base */ = {isa = PBXFileReference; lastKnownFileType = file.storyboard; name = Base; path = Base.lproj/LaunchScreen.storyboard; sourceTree = "<group>"; };
		7EAA778D1E652AE100CB6CFA /* Info.plist */ = {isa = PBXFileReference; lastKnownFileType = text.plist.xml; path = Info.plist; sourceTree = "<group>"; };
		7EAA77921E652AE100CB6CFA /* runtime消息机制Tests.xctest */ = {isa = PBXFileReference; explicitFileType = wrapper.cfbundle; includeInIndex = 0; path = "runtime消息机制Tests.xctest"; sourceTree = BUILT_PRODUCTS_DIR; };
		7EAA77961E652AE100CB6CFA /* runtime____Tests.m */ = {isa = PBXFileReference; lastKnownFileType = sourcecode.c.objc; path = "runtime____Tests.m"; sourceTree = "<group>"; };
		7EAA77981E652AE100CB6CFA /* Info.plist */ = {isa = PBXFileReference; lastKnownFileType = text.plist.xml; path = Info.plist; sourceTree = "<group>"; };
		7EAA779D1E652AE100CB6CFA /* runtime消息机制UITests.xctest */ = {isa = PBXFileReference; explicitFileType = wrapper.cfbundle; includeInIndex = 0; path = "runtime消息机制UITests.xctest"; sourceTree = BUILT_PRODUCTS_DIR; };
		7EAA77A11E652AE100CB6CFA /* runtime____UITests.m */ = {isa = PBXFileReference; lastKnownFileType = sourcecode.c.objc; path = "runtime____UITests.m"; sourceTree = "<group>"; };
		7EAA77A31E652AE100CB6CFA /* Info.plist */ = {isa = PBXFileReference; lastKnownFileType = text.plist.xml; path = Info.plist; sourceTree = "<group>"; };
		7EAA77AF1E652C7A00CB6CFA /* person.h */ = {isa = PBXFileReference; fileEncoding = 4; lastKnownFileType = sourcecode.c.h; path = person.h; sourceTree = "<group>"; };
		7EAA77B01E652C7A00CB6CFA /* person.m */ = {isa = PBXFileReference; fileEncoding = 4; lastKnownFileType = sourcecode.c.objc; path = person.m; sourceTree = "<group>"; };
/* End PBXFileReference section */

/* Begin PBXFrameworksBuildPhase section */
		7EAA77761E652AE100CB6CFA /* Frameworks */ = {
			isa = PBXFrameworksBuildPhase;
			buildActionMask = 2147483647;
			files = (
			);
			runOnlyForDeploymentPostprocessing = 0;
		};
		7EAA778F1E652AE100CB6CFA /* Frameworks */ = {
			isa = PBXFrameworksBuildPhase;
			buildActionMask = 2147483647;
			files = (
			);
			runOnlyForDeploymentPostprocessing = 0;
		};
		7EAA779A1E652AE100CB6CFA /* Frameworks */ = {
			isa = PBXFrameworksBuildPhase;
			buildActionMask = 2147483647;
			files = (
			);
			runOnlyForDeploymentPostprocessing = 0;
		};
/* End PBXFrameworksBuildPhase section */

/* Begin PBXGroup section */
		7EAA77701E652AE100CB6CFA = {
			isa = PBXGroup;
			children = (
				7EAA777B1E652AE100CB6CFA /* runtime消息机制 */,
				7EAA77951E652AE100CB6CFA /* runtime消息机制Tests */,
				7EAA77A01E652AE100CB6CFA /* runtime消息机制UITests */,
				7EAA777A1E652AE100CB6CFA /* Products */,
			);
			sourceTree = "<group>";
		};
		7EAA777A1E652AE100CB6CFA /* Products */ = {
			isa = PBXGroup;
			children = (
				7EAA77791E652AE100CB6CFA /* runtime消息机制.app */,
				7EAA77921E652AE100CB6CFA /* runtime消息机制Tests.xctest */,
				7EAA779D1E652AE100CB6CFA /* runtime消息机制UITests.xctest */,
			);
			name = Products;
			sourceTree = "<group>";
		};
		7EAA777B1E652AE100CB6CFA /* runtime消息机制 */ = {
			isa = PBXGroup;
			children = (
				7EAA777F1E652AE100CB6CFA /* AppDelegate.h */,
				7EAA77801E652AE100CB6CFA /* AppDelegate.m */,
				7EAA77821E652AE100CB6CFA /* ViewController.h */,
				7EAA77831E652AE100CB6CFA /* ViewController.m */,
				7EAA77851E652AE100CB6CFA /* Main.storyboard */,
				7EAA77881E652AE100CB6CFA /* Assets.xcassets */,
				7EAA778A1E652AE100CB6CFA /* LaunchScreen.storyboard */,
				7EAA778D1E652AE100CB6CFA /* Info.plist */,
				7EAA777C1E652AE100CB6CFA /* Supporting Files */,
				7EAA77AF1E652C7A00CB6CFA /* person.h */,
				7EAA77B01E652C7A00CB6CFA /* person.m */,
			);
			path = "runtime消息机制";
			sourceTree = "<group>";
		};
		7EAA777C1E652AE100CB6CFA /* Supporting Files */ = {
			isa = PBXGroup;
			children = (
				7EAA777D1E652AE100CB6CFA /* main.m */,
			);
			name = "Supporting Files";
			sourceTree = "<group>";
		};
		7EAA77951E652AE100CB6CFA /* runtime消息机制Tests */ = {
			isa = PBXGroup;
			children = (
				7EAA77961E652AE100CB6CFA /* runtime____Tests.m */,
				7EAA77981E652AE100CB6CFA /* Info.plist */,
			);
			path = "runtime消息机制Tests";
			sourceTree = "<group>";
		};
		7EAA77A01E652AE100CB6CFA /* runtime消息机制UITests */ = {
			isa = PBXGroup;
			children = (
				7EAA77A11E652AE100CB6CFA /* runtime____UITests.m */,
				7EAA77A31E652AE100CB6CFA /* Info.plist */,
			);
			path = "runtime消息机制UITests";
			sourceTree = "<group>";
		};
/* End PBXGroup section */

/* Begin PBXNativeTarget section */
		7EAA77781E652AE100CB6CFA /* runtime消息机制 */ = {
			isa = PBXNativeTarget;
			buildConfigurationList = 7EAA77A61E652AE100CB6CFA /* Build configuration list for PBXNativeTarget "runtime消息机制" */;
			buildPhases = (
				7EAA77751E652AE100CB6CFA /* Sources */,
				7EAA77761E652AE100CB6CFA /* Frameworks */,
				7EAA77771E652AE100CB6CFA /* Resources */,
			);
			buildRules = (
			);
			dependencies = (
			);
			name = "runtime消息机制";
			productName = "runtime消息机制";
			productReference = 7EAA77791E652AE100CB6CFA /* runtime消息机制.app */;
			productType = "com.apple.product-type.application";
		};
		7EAA77911E652AE100CB6CFA /* runtime消息机制Tests */ = {
			isa = PBXNativeTarget;
			buildConfigurationList = 7EAA77A91E652AE100CB6CFA /* Build configuration list for PBXNativeTarget "runtime消息机制Tests" */;
			buildPhases = (
				7EAA778E1E652AE100CB6CFA /* Sources */,
				7EAA778F1E652AE100CB6CFA /* Frameworks */,
				7EAA77901E652AE100CB6CFA /* Resources */,
			);
			buildRules = (
			);
			dependencies = (
				7EAA77941E652AE100CB6CFA /* PBXTargetDependency */,
			);
			name = "runtime消息机制Tests";
			productName = "runtime消息机制Tests";
			productReference = 7EAA77921E652AE100CB6CFA /* runtime消息机制Tests.xctest */;
			productType = "com.apple.product-type.bundle.unit-test";
		};
		7EAA779C1E652AE100CB6CFA /* runtime消息机制UITests */ = {
			isa = PBXNativeTarget;
			buildConfigurationList = 7EAA77AC1E652AE100CB6CFA /* Build configuration list for PBXNativeTarget "runtime消息机制UITests" */;
			buildPhases = (
				7EAA77991E652AE100CB6CFA /* Sources */,
				7EAA779A1E652AE100CB6CFA /* Frameworks */,
				7EAA779B1E652AE100CB6CFA /* Resources */,
			);
			buildRules = (
			);
			dependencies = (
				7EAA779F1E652AE100CB6CFA /* PBXTargetDependency */,
			);
			name = "runtime消息机制UITests";
			productName = "runtime消息机制UITests";
			productReference = 7EAA779D1E652AE100CB6CFA /* runtime消息机制UITests.xctest */;
			productType = "com.apple.product-type.bundle.ui-testing";
		};
/* End PBXNativeTarget section */

/* Begin PBXProject section */
		7EAA77711E652AE100CB6CFA /* Project object */ = {
			isa = PBXProject;
			attributes = {
				LastUpgradeCheck = 0820;
				ORGANIZATIONNAME = "zhang yannan";
				TargetAttributes = {
					7EAA77781E652AE100CB6CFA = {
						CreatedOnToolsVersion = 8.2.1;
						ProvisioningStyle = Automatic;
					};
					7EAA77911E652AE100CB6CFA = {
						CreatedOnToolsVersion = 8.2.1;
						ProvisioningStyle = Automatic;
						TestTargetID = 7EAA77781E652AE100CB6CFA;
					};
					7EAA779C1E652AE100CB6CFA = {
						CreatedOnToolsVersion = 8.2.1;
						ProvisioningStyle = Automatic;
						TestTargetID = 7EAA77781E652AE100CB6CFA;
					};
				};
			};
			buildConfigurationList = 7EAA77741E652AE100CB6CFA /* Build configuration list for PBXProject "runtime消息机制" */;
			compatibilityVersion = "Xcode 3.2";
			developmentRegion = English;
			hasScannedForEncodings = 0;
			knownRegions = (
				en,
				Base,
			);
			mainGroup = 7EAA77701E652AE100CB6CFA;
			productRefGroup = 7EAA777A1E652AE100CB6CFA /* Products */;
			projectDirPath = "";
			projectRoot = "";
			targets = (
				7EAA77781E652AE100CB6CFA /* runtime消息机制 */,
				7EAA77911E652AE100CB6CFA /* runtime消息机制Tests */,
				7EAA779C1E652AE100CB6CFA /* runtime消息机制UITests */,
			);
		};
/* End PBXProject section */

/* Begin PBXResourcesBuildPhase section */
		7EAA77771E652AE100CB6CFA /* Resources */ = {
			isa = PBXResourcesBuildPhase;
			buildActionMask = 2147483647;
			files = (
				7EAA778C1E652AE100CB6CFA /* LaunchScreen.storyboard in Resources */,
				7EAA77891E652AE100CB6CFA /* Assets.xcassets in Resources */,
				7EAA77871E652AE100CB6CFA /* Main.storyboard in Resources */,
			);
			runOnlyForDeploymentPostprocessing = 0;
		};
		7EAA77901E652AE100CB6CFA /* Resources */ = {
			isa = PBXResourcesBuildPhase;
			buildActionMask = 2147483647;
			files = (
			);
			runOnlyForDeploymentPostprocessing = 0;
		};
		7EAA779B1E652AE100CB6CFA /* Resources */ = {
			isa = PBXResourcesBuildPhase;
			buildActionMask = 2147483647;
			files = (
			);
			runOnlyForDeploymentPostprocessing = 0;
		};
/* End PBXResourcesBuildPhase section */

/* Begin PBXSourcesBuildPhase section */
		7EAA77751E652AE100CB6CFA /* Sources */ = {
			isa = PBXSourcesBuildPhase;
			buildActionMask = 2147483647;
			files = (
				7EAA77841E652AE100CB6CFA /* ViewController.m in Sources */,
				7EAA77811E652AE100CB6CFA /* AppDelegate.m in Sources */,
				7EAA77B11E652C7A00CB6CFA /* person.m in Sources */,
				7EAA777E1E652AE100CB6CFA /* main.m in Sources */,
			);
			runOnlyForDeploymentPostprocessing = 0;
		};
		7EAA778E1E652AE100CB6CFA /* Sources */ = {
			isa = PBXSourcesBuildPhase;
			buildActionMask = 2147483647;
			files = (
				7EAA77971E652AE100CB6CFA /* runtime____Tests.m in Sources */,
			);
			runOnlyForDeploymentPostprocessing = 0;
		};
		7EAA77991E652AE100CB6CFA /* Sources */ = {
			isa = PBXSourcesBuildPhase;
			buildActionMask = 2147483647;
			files = (
				7EAA77A21E652AE100CB6CFA /* runtime____UITests.m in Sources */,
			);
			runOnlyForDeploymentPostprocessing = 0;
		};
/* End PBXSourcesBuildPhase section */

/* Begin PBXTargetDependency section */
		7EAA77941E652AE100CB6CFA /* PBXTargetDependency */ = {
			isa = PBXTargetDependency;
			target = 7EAA77781E652AE100CB6CFA /* runtime消息机制 */;
			targetProxy = 7EAA77931E652AE100CB6CFA /* PBXContainerItemProxy */;
		};
		7EAA779F1E652AE100CB6CFA /* PBXTargetDependency */ = {
			isa = PBXTargetDependency;
			target = 7EAA77781E652AE100CB6CFA /* runtime消息机制 */;
			targetProxy = 7EAA779E1E652AE100CB6CFA /* PBXContainerItemProxy */;
		};
/* End PBXTargetDependency section */

/* Begin PBXVariantGroup section */
		7EAA77851E652AE100CB6CFA /* Main.storyboard */ = {
			isa = PBXVariantGroup;
			children = (
				7EAA77861E652AE100CB6CFA /* Base */,
			);
			name = Main.storyboard;
			sourceTree = "<group>";
		};
		7EAA778A1E652AE100CB6CFA /* LaunchScreen.storyboard */ = {
			isa = PBXVariantGroup;
			children = (
				7EAA778B1E652AE100CB6CFA /* Base */,
			);
			name = LaunchScreen.storyboard;
			sourceTree = "<group>";
		};
/* End PBXVariantGroup section */

/* Begin XCBuildConfiguration section */
		7EAA77A41E652AE100CB6CFA /* Debug */ = {
			isa = XCBuildConfiguration;
			buildSettings = {
				ALWAYS_SEARCH_USER_PATHS = NO;
				CLANG_ANALYZER_NONNULL = YES;
				CLANG_CXX_LANGUAGE_STANDARD = "gnu++0x";
				CLANG_CXX_LIBRARY = "libc++";
				CLANG_ENABLE_MODULES = YES;
				CLANG_ENABLE_OBJC_ARC = YES;
				CLANG_WARN_BOOL_CONVERSION = YES;
				CLANG_WARN_CONSTANT_CONVERSION = YES;
				CLANG_WARN_DIRECT_OBJC_ISA_USAGE = YES_ERROR;
				CLANG_WARN_DOCUMENTATION_COMMENTS = YES;
				CLANG_WARN_EMPTY_BODY = YES;
				CLANG_WARN_ENUM_CONVERSION = YES;
				CLANG_WARN_INFINITE_RECURSION = YES;
				CLANG_WARN_INT_CONVERSION = YES;
				CLANG_WARN_OBJC_ROOT_CLASS = YES_ERROR;
				CLANG_WARN_SUSPICIOUS_MOVE = YES;
				CLANG_WARN_UNREACHABLE_CODE = YES;
				CLANG_WARN__DUPLICATE_METHOD_MATCH = YES;
				"CODE_SIGN_IDENTITY[sdk=iphoneos*]" = "iPhone Developer";
				COPY_PHASE_STRIP = NO;
				DEBUG_INFORMATION_FORMAT = dwarf;
				ENABLE_STRICT_OBJC_MSGSEND = YES;
				ENABLE_TESTABILITY = YES;
				GCC_C_LANGUAGE_STANDARD = gnu99;
				GCC_DYNAMIC_NO_PIC = NO;
				GCC_NO_COMMON_BLOCKS = YES;
				GCC_OPTIMIZATION_LEVEL = 0;
				GCC_PREPROCESSOR_DEFINITIONS = (
					"DEBUG=1",
					"$(inherited)",
				);
				GCC_WARN_64_TO_32_BIT_CONVERSION = YES;
				GCC_WARN_ABOUT_RETURN_TYPE = YES_ERROR;
				GCC_WARN_UNDECLARED_SELECTOR = YES;
				GCC_WARN_UNINITIALIZED_AUTOS = YES_AGGRESSIVE;
				GCC_WARN_UNUSED_FUNCTION = YES;
				GCC_WARN_UNUSED_VARIABLE = YES;
				IPHONEOS_DEPLOYMENT_TARGET = 10.2;
				MTL_ENABLE_DEBUG_INFO = YES;
				ONLY_ACTIVE_ARCH = YES;
				SDKROOT = iphoneos;
			};
			name = Debug;
		};
		7EAA77A51E652AE100CB6CFA /* Release */ = {
			isa = XCBuildConfiguration;
			buildSettings = {
				ALWAYS_SEARCH_USER_PATHS = NO;
				CLANG_ANALYZER_NONNULL = YES;
				CLANG_CXX_LANGUAGE_STANDARD = "gnu++0x";
				CLANG_CXX_LIBRARY = "libc++";
				CLANG_ENABLE_MODULES = YES;
				CLANG_ENABLE_OBJC_ARC = YES;
				CLANG_WARN_BOOL_CONVERSION = YES;
				CLANG_WARN_CONSTANT_CONVERSION = YES;
				CLANG_WARN_DIRECT_OBJC_ISA_USAGE = YES_ERROR;
				CLANG_WARN_DOCUMENTATION_COMMENTS = YES;
				CLANG_WARN_EMPTY_BODY = YES;
				CLANG_WARN_ENUM_CONVERSION = YES;
				CLANG_WARN_INFINITE_RECURSION = YES;
				CLANG_WARN_INT_CONVERSION = YES;
				CLANG_WARN_OBJC_ROOT_CLASS = YES_ERROR;
				CLANG_WARN_SUSPICIOUS_MOVE = YES;
				CLANG_WARN_UNREACHABLE_CODE = YES;
				CLANG_WARN__DUPLICATE_METHOD_MATCH = YES;
				"CODE_SIGN_IDENTITY[sdk=iphoneos*]" = "iPhone Developer";
				COPY_PHASE_STRIP = NO;
				DEBUG_INFORMATION_FORMAT = "dwarf-with-dsym";
				ENABLE_NS_ASSERTIONS = NO;
				ENABLE_STRICT_OBJC_MSGSEND = YES;
				GCC_C_LANGUAGE_STANDARD = gnu99;
				GCC_NO_COMMON_BLOCKS = YES;
				GCC_WARN_64_TO_32_BIT_CONVERSION = YES;
				GCC_WARN_ABOUT_RETURN_TYPE = YES_ERROR;
				GCC_WARN_UNDECLARED_SELECTOR = YES;
				GCC_WARN_UNINITIALIZED_AUTOS = YES_AGGRESSIVE;
				GCC_WARN_UNUSED_FUNCTION = YES;
				GCC_WARN_UNUSED_VARIABLE = YES;
				IPHONEOS_DEPLOYMENT_TARGET = 10.2;
				MTL_ENABLE_DEBUG_INFO = NO;
				SDKROOT = iphoneos;
				VALIDATE_PRODUCT = YES;
			};
			name = Release;
		};
		7EAA77A71E652AE100CB6CFA /* Debug */ = {
			isa = XCBuildConfiguration;
			buildSettings = {
				ASSETCATALOG_COMPILER_APPICON_NAME = AppIcon;
				ENABLE_STRICT_OBJC_MSGSEND = NO;
				INFOPLIST_FILE = "runtime消息机制/Info.plist";
				LD_RUNPATH_SEARCH_PATHS = "$(inherited) @executable_path/Frameworks";
				PRODUCT_BUNDLE_IDENTIFIER = "myself.runtime----";
				PRODUCT_NAME = "$(TARGET_NAME)";
			};
			name = Debug;
		};
		7EAA77A81E652AE100CB6CFA /* Release */ = {
			isa = XCBuildConfiguration;
			buildSettings = {
				ASSETCATALOG_COMPILER_APPICON_NAME = AppIcon;
				ENABLE_STRICT_OBJC_MSGSEND = NO;
				INFOPLIST_FILE = "runtime消息机制/Info.plist";
				LD_RUNPATH_SEARCH_PATHS = "$(inherited) @executable_path/Frameworks";
				PRODUCT_BUNDLE_IDENTIFIER = "myself.runtime----";
				PRODUCT_NAME = "$(TARGET_NAME)";
			};
			name = Release;
		};
		7EAA77AA1E652AE100CB6CFA /* Debug */ = {
			isa = XCBuildConfiguration;
			buildSettings = {
				BUNDLE_LOADER = "$(TEST_HOST)";
				INFOPLIST_FILE = "runtime消息机制Tests/Info.plist";
				LD_RUNPATH_SEARCH_PATHS = "$(inherited) @executable_path/Frameworks @loader_path/Frameworks";
				PRODUCT_BUNDLE_IDENTIFIER = "myself.runtime----Tests";
				PRODUCT_NAME = "$(TARGET_NAME)";
				TEST_HOST = "$(BUILT_PRODUCTS_DIR)/runtime消息机制.app/runtime消息机制";
			};
			name = Debug;
		};
		7EAA77AB1E652AE100CB6CFA /* Release */ = {
			isa = XCBuildConfiguration;
			buildSettings = {
				BUNDLE_LOADER = "$(TEST_HOST)";
				INFOPLIST_FILE = "runtime消息机制Tests/Info.plist";
				LD_RUNPATH_SEARCH_PATHS = "$(inherited) @executable_path/Frameworks @loader_path/Frameworks";
				PRODUCT_BUNDLE_IDENTIFIER = "myself.runtime----Tests";
				PRODUCT_NAME = "$(TARGET_NAME)";
				TEST_HOST = "$(BUILT_PRODUCTS_DIR)/runtime消息机制.app/runtime消息机制";
			};
			name = Release;
		};
		7EAA77AD1E652AE100CB6CFA /* Debug */ = {
			isa = XCBuildConfiguration;
			buildSettings = {
				INFOPLIST_FILE = "runtime消息机制UITests/Info.plist";
				LD_RUNPATH_SEARCH_PATHS = "$(inherited) @executable_path/Frameworks @loader_path/Frameworks";
				PRODUCT_BUNDLE_IDENTIFIER = "myself.runtime----UITests";
				PRODUCT_NAME = "$(TARGET_NAME)";
				TEST_TARGET_NAME = "runtime消息机制";
			};
			name = Debug;
		};
		7EAA77AE1E652AE100CB6CFA /* Release */ = {
			isa = XCBuildConfiguration;
			buildSettings = {
				INFOPLIST_FILE = "runtime消息机制UITests/Info.plist";
				LD_RUNPATH_SEARCH_PATHS = "$(inherited) @executable_path/Frameworks @loader_path/Frameworks";
				PRODUCT_BUNDLE_IDENTIFIER = "myself.runtime----UITests";
				PRODUCT_NAME = "$(TARGET_NAME)";
				TEST_TARGET_NAME = "runtime消息机制";
			};
			name = Release;
		};
/* End XCBuildConfiguration section */

/* Begin XCConfigurationList section */
		7EAA77741E652AE100CB6CFA /* Build configuration list for PBXProject "runtime消息机制" */ = {
			isa = XCConfigurationList;
			buildConfigurations = (
				7EAA77A41E652AE100CB6CFA /* Debug */,
				7EAA77A51E652AE100CB6CFA /* Release */,
			);
			defaultConfigurationIsVisible = 0;
			defaultConfigurationName = Release;
		};
		7EAA77A61E652AE100CB6CFA /* Build configuration list for PBXNativeTarget "runtime消息机制" */ = {
			isa = XCConfigurationList;
			buildConfigurations = (
				7EAA77A71E652AE100CB6CFA /* Debug */,
				7EAA77A81E652AE100CB6CFA /* Release */,
			);
			defaultConfigurationIsVisible = 0;
		};
		7EAA77A91E652AE100CB6CFA /* Build configuration list for PBXNativeTarget "runtime消息机制Tests" */ = {
			isa = XCConfigurationList;
			buildConfigurations = (
				7EAA77AA1E652AE100CB6CFA /* Debug */,
				7EAA77AB1E652AE100CB6CFA /* Release */,
			);
			defaultConfigurationIsVisible = 0;
		};
		7EAA77AC1E652AE100CB6CFA /* Build configuration list for PBXNativeTarget "runtime消息机制UITests" */ = {
			isa = XCConfigurationList;
			buildConfigurations = (
				7EAA77AD1E652AE100CB6CFA /* Debug */,
				7EAA77AE1E652AE100CB6CFA /* Release */,
			);
			defaultConfigurationIsVisible = 0;
		};
/* End XCConfigurationList section */
	};
	rootObject = 7EAA77711E652AE100CB6CFA /* Project object */;
}
